
Microsoft Visual Studio Solution File, Format Version 12.00
# Visual Studio Version 17
VisualStudioVersion = 17.9.34622.214
MinimumVisualStudioVersion = 10.0.40219.1
Project("{FAE04EC0-301F-11D3-BF4B-00C04F79EFBC}") = "eTickets", "eTickets\eTickets.csproj", "{E7FF155F-BD62-46D6-B4CE-A45FF856B323}"
EndProject
Global
	GlobalSection(SolutionConfigurationPlatforms) = preSolution
		Debug|Any CPU = Debug|Any CPU
		Release|Any CPU = Release|Any CPU
	EndGlobalSection
	GlobalSection(ProjectConfigurationPlatforms) = postSolution
		{E7FF155F-BD62-46D6-B4CE-A45FF856B323}.Debug|Any CPU.ActiveCfg = Debug|Any CPU
		{E7FF155F-BD62-46D6-B4CE-A45FF856B323}.Debug|Any CPU.Build.0 = Debug|Any CPU
		{E7FF155F-BD62-46D6-B4CE-A45FF856B323}.Release|Any CPU.ActiveCfg = Release|Any CPU
		{E7FF155F-BD62-46D6-B4CE-A45FF856B323}.Release|Any CPU.Build.0 = Release|Any CPU
	EndGlobalSection
	GlobalSection(SolutionProperties) = preSolution
		HideSolutionNode = FALSE
	EndGlobalSection
	GlobalSection(ExtensibilityGlobals) = postSolution
		SolutionGuid = {A29F8B09-5DF9-462D-AAA6-8672AA5912F3}
	EndGlobalSection
EndGlobal
